{
	"name": "pi-lens",
	"version": "4.2.1",
	"lockfileVersion": 3,
	"requires": true,
	"packages": {
		"": {
			"name": "pi-lens",
			"version": "4.2.1",
			"license": "MIT",
			"dependencies": {
				"@ast-grep/cli": "^0.45.0",
				"@ast-grep/napi": "^0.45.0",
				"js-yaml": "^5.2.2",
				"minimatch": "^10.2.6",
				"pidusage": "^4.0.1",
				"vscode-jsonrpc": "^9.0.0"
			},
			"bin": {
				"pi-lens": "dist/mcp/cli.js",
				"pi-lens-analyze": "dist/mcp/analyze-cli.js",
				"pi-lens-mcp": "dist/mcp/server.js"
			},
			"engines": {
				"node": ">=22.19.0"
			},
			"optionalDependencies": {
				"jiti": "^2.7.0",
				"web-tree-sitter": "0.25.10"
			},
			"peerDependencies": {
				"@earendil-works/pi-coding-agent": "*",
				"@earendil-works/pi-tui": "^0.84.1 || ^0.85.0",
				"typebox": "^1.0.0"
			},
			"peerDependenciesMeta": {
				"@earendil-works/pi-coding-agent": {
					"optional": true
				},
				"@earendil-works/pi-tui": {
					"optional": true
				},
				"typebox": {
					"optional": true
				}
			}
		},
		"node_modules/@ast-grep/cli": {
			"version": "0.45.3",
			"resolved": "https://registry.npmjs.org/@ast-grep/cli/-/cli-0.45.3.tgz",
			"integrity": "sha512-Cm07SHb8Q8dJfAQhrPOveAGuuzznmf6IjQa2+0Yvjt8Qfo+XIVbEIo0Prng+UDVMlaCS/FkF2eA8M3F6z4+0Wg==",
			"hasInstallScript": true,
			"license": "MIT",
			"dependencies": {
				"detect-libc": "2.1.2"
			},
			"bin": {
				"ast-grep": "ast-grep",
				"sg": "sg"
			},
			"engines": {
				"node": ">= 12.0.0"
			},
			"optionalDependencies": {
				"@ast-grep/cli-darwin-arm64": "0.45.3",
				"@ast-grep/cli-darwin-x64": "0.45.3",
				"@ast-grep/cli-linux-arm64-gnu": "0.45.3",
				"@ast-grep/cli-linux-x64-gnu": "0.45.3",
				"@ast-grep/cli-win32-arm64-msvc": "0.45.3",
				"@ast-grep/cli-win32-ia32-msvc": "0.45.3",
				"@ast-grep/cli-win32-x64-msvc": "0.45.3"
			}
		},
		"node_modules/@ast-grep/cli-darwin-arm64": {
			"version": "0.45.3",
			"resolved": "https://registry.npmjs.org/@ast-grep/cli-darwin-arm64/-/cli-darwin-arm64-0.45.3.tgz",
			"integrity": "sha512-6RZg4gRMJcSJtEJuaW5z33qfwXD7kRDGZ0T0dTxVxsLSw5BkeAjR8REysxUwPWZn+oOkzPyZ3y7/qNnSI/diIA==",
			"cpu": [
				"arm64"
			],
			"license": "MIT",
			"optional": true,
			"os": [
				"darwin"
			],
			"engines": {
				"node": ">= 10"
			}
		},
		"node_modules/@ast-grep/cli-darwin-x64": {
			"version": "0.45.3",
			"resolved": "https://registry.npmjs.org/@ast-grep/cli-darwin-x64/-/cli-darwin-x64-0.45.3.tgz",
			"integrity": "sha512-4z6ZknTMSlTirQuJ4xihXoLfG7YwAOxFCqkKuGAxAiP+K70zivib8R19vUoFJDy4s+rjyGNDdrm45/ClC5tITQ==",
			"cpu": [
				"x64"
			],
			"license": "MIT",
			"optional": true,
			"os": [
				"darwin"
			],
			"engines": {
				"node": ">= 10"
			}
		},
		"node_modules/@ast-grep/cli-linux-arm64-gnu": {
			"version": "0.45.3",
			"resolved": "https://registry.npmjs.org/@ast-grep/cli-linux-arm64-gnu/-/cli-linux-arm64-gnu-0.45.3.tgz",
			"integrity": "sha512-T/N+Fl/pMqNjuyPV9PbTSR2bTlZrLKiCyHzJax6QNaOOVviXjEscROrAc6c0lFfc+Z07gW7Rt3oZKZdLEExutQ==",
			"cpu": [
				"arm64"
			],
			"libc": [
				"glibc"
			],
			"license": "MIT",
			"optional": true,
			"os": [
				"linux"
			],
			"engines": {
				"node": ">= 10"
			}
		},
		"node_modules/@ast-grep/cli-linux-x64-gnu": {
			"version": "0.45.3",
			"resolved": "https://registry.npmjs.org/@ast-grep/cli-linux-x64-gnu/-/cli-linux-x64-gnu-0.45.3.tgz",
			"integrity": "sha512-HbxIy6tZa8zn4J2hG8KVIo9n4+INAgVB8l2DyHqYxGKxnod8u2B4hfTGxbMm+BjBvYxKW4oGLZtYqInMyxidyQ==",
			"cpu": [
				"x64"
			],
			"libc": [
				"glibc"
			],
			"license": "MIT",
			"optional": true,
			"os": [
				"linux"
			],
			"engines": {
				"node": ">= 10"
			}
		},
		"node_modules/@ast-grep/cli-win32-arm64-msvc": {
			"version": "0.45.3",
			"resolved": "https://registry.npmjs.org/@ast-grep/cli-win32-arm64-msvc/-/cli-win32-arm64-msvc-0.45.3.tgz",
			"integrity": "sha512-X0+81Mgr8zsH6hu4Pqdr5h1IyAFUWbKS1PMkKT6awYiiTo/1uhVM/6WzJ+ohOQPmMTyt4poyyg46u2E4WzKECg==",
			"cpu": [
				"arm64"
			],
			"license": "MIT",
			"optional": true,
			"os": [
				"win32"
			],
			"engines": {
				"node": ">= 10"
			}
		},
		"node_modules/@ast-grep/cli-win32-ia32-msvc": {
			"version": "0.45.3",
			"resolved": "https://registry.npmjs.org/@ast-grep/cli-win32-ia32-msvc/-/cli-win32-ia32-msvc-0.45.3.tgz",
			"integrity": "sha512-W4H27lU/xzzIOvRo4vDTjzq91PioLCjupR7jLmLVkAqAkX2YiNRixf8NjMcQgzAgr33jUsMlyutiTElLgi1O9g==",
			"cpu": [
				"ia32"
			],
			"license": "MIT",
			"optional": true,
			"os": [
				"win32"
			],
			"engines": {
				"node": ">= 10"
			}
		},
		"node_modules/@ast-grep/cli-win32-x64-msvc": {
			"version": "0.45.3",
			"resolved": "https://registry.npmjs.org/@ast-grep/cli-win32-x64-msvc/-/cli-win32-x64-msvc-0.45.3.tgz",
			"integrity": "sha512-UZrpVbjLQqQIRxWqeMcwyLSIhlDZyhYb8SinssM38Oo6mEB2jMfHCEoigay9UOZTfUR268n72BBV48nW2h+QwA==",
			"cpu": [
				"x64"
			],
			"license": "MIT",
			"optional": true,
			"os": [
				"win32"
			],
			"engines": {
				"node": ">= 10"
			}
		},
		"node_modules/@ast-grep/napi": {
			"version": "0.45.3",
			"resolved": "https://registry.npmjs.org/@ast-grep/napi/-/napi-0.45.3.tgz",
			"integrity": "sha512-bjJsUt0g3UCwbn9bjv7MnoR15rszSm79yPCXn4DWWK0NuYUUqBU/srtNMR4WnpfR7TnfBRdYFoqSNx0pGCNWJg==",
			"license": "MIT",
			"engines": {
				"node": ">= 10"
			},
			"optionalDependencies": {
				"@ast-grep/napi-darwin-arm64": "0.45.3",
				"@ast-grep/napi-darwin-x64": "0.45.3",
				"@ast-grep/napi-linux-arm64-gnu": "0.45.3",
				"@ast-grep/napi-linux-arm64-musl": "0.45.3",
				"@ast-grep/napi-linux-x64-gnu": "0.45.3",
				"@ast-grep/napi-linux-x64-musl": "0.45.3",
				"@ast-grep/napi-win32-arm64-msvc": "0.45.3",
				"@ast-grep/napi-win32-ia32-msvc": "0.45.3",
				"@ast-grep/napi-win32-x64-msvc": "0.45.3"
			}
		},
		"node_modules/@ast-grep/napi-darwin-arm64": {
			"version": "0.45.3",
			"resolved": "https://registry.npmjs.org/@ast-grep/napi-darwin-arm64/-/napi-darwin-arm64-0.45.3.tgz",
			"integrity": "sha512-rMZJ6frSpR/xSbeV4hiA9WR5hHqk3rVYX8lOqEoUCaUnjEuFXvHdGN4WawJ8pVDq/IqM1UnTtsDSYgUdVmO5DA==",
			"cpu": [
				"arm64"
			],
			"license": "MIT",
			"optional": true,
			"os": [
				"darwin"
			],
			"engines": {
				"node": ">= 10"
			}
		},
		"node_modules/@ast-grep/napi-darwin-x64": {
			"version": "0.45.3",
			"resolved": "https://registry.npmjs.org/@ast-grep/napi-darwin-x64/-/napi-darwin-x64-0.45.3.tgz",
			"integrity": "sha512-tIclZ5pM+YSgk8NNTBoTkaclbS39cU5lbVfSrFWX4LUnxXfUPG+F+ppxyFjKwJTBELsGHEO4LdX3/Lc+FDwPNA==",
			"cpu": [
				"x64"
			],
			"license": "MIT",
			"optional": true,
			"os": [
				"darwin"
			],
			"engines": {
				"node": ">= 10"
			}
		},
		"node_modules/@ast-grep/napi-linux-arm64-gnu": {
			"version": "0.45.3",
			"resolved": "https://registry.npmjs.org/@ast-grep/napi-linux-arm64-gnu/-/napi-linux-arm64-gnu-0.45.3.tgz",
			"integrity": "sha512-Bm8F7/oRHQkDXbjH+gBi9oB5huJ0q12r/AIOMIypf5PWlAVvh206Tsw468phw4Oh6kd4Ad1Z+gflNW1MutgK2g==",
			"cpu": [
				"arm64"
			],
			"libc": [
				"glibc"
			],
			"license": "MIT",
			"optional": true,
			"os": [
				"linux"
			],
			"engines": {
				"node": ">= 10"
			}
		},
		"node_modules/@ast-grep/napi-linux-arm64-musl": {
			"version": "0.45.3",
			"resolved": "https://registry.npmjs.org/@ast-grep/napi-linux-arm64-musl/-/napi-linux-arm64-musl-0.45.3.tgz",
			"integrity": "sha512-yr5xcRerV41GeRxmZ8SKbfGeyZRhQePoNNCgTAb4OrWMelWwbMI80aY7/IlF2bo1sN40BSW4hZdGIO/akTd1RQ==",
			"cpu": [
				"arm64"
			],
			"libc": [
				"musl"
			],
			"license": "MIT",
			"optional": true,
			"os": [
				"linux"
			],
			"engines": {
				"node": ">= 10"
			}
		},
		"node_modules/@ast-grep/napi-linux-x64-gnu": {
			"version": "0.45.3",
			"resolved": "https://registry.npmjs.org/@ast-grep/napi-linux-x64-gnu/-/napi-linux-x64-gnu-0.45.3.tgz",
			"integrity": "sha512-lluRK3hxfHMQdFuVID6seAKVx4FH0kEwF6rCh5/I40Sf3EtNR2UCBXAqd6RBA6hqlSckktvBxCfw+h4aescDmg==",
			"cpu": [
				"x64"
			],
			"libc": [
				"glibc"
			],
			"license": "MIT",
			"optional": true,
			"os": [
				"linux"
			],
			"engines": {
				"node": ">= 10"
			}
		},
		"node_modules/@ast-grep/napi-linux-x64-musl": {
			"version": "0.45.3",
			"resolved": "https://registry.npmjs.org/@ast-grep/napi-linux-x64-musl/-/napi-linux-x64-musl-0.45.3.tgz",
			"integrity": "sha512-09wJQKq86LqILqQtw0+X09SzhcPwUnMVFKyia7S3XLbLqSeQpAMF55Y+zll53JRQ1dCzFEZJyvTT/7j9vwfE3w==",
			"cpu": [
				"x64"
			],
			"libc": [
				"musl"
			],
			"license": "MIT",
			"optional": true,
			"os": [
				"linux"
			],
			"engines": {
				"node": ">= 10"
			}
		},
		"node_modules/@ast-grep/napi-win32-arm64-msvc": {
			"version": "0.45.3",
			"resolved": "https://registry.npmjs.org/@ast-grep/napi-win32-arm64-msvc/-/napi-win32-arm64-msvc-0.45.3.tgz",
			"integrity": "sha512-/HiVgw2cdtzXLDLoG4eBBcauekNXewfagy7qiVbjkVu/KcCH8dJ9lpj8DzeWwuBNtZxuD8jpiwP0M1pz3Bc3uw==",
			"cpu": [
				"arm64"
			],
			"license": "MIT",
			"optional": true,
			"os": [
				"win32"
			],
			"engines": {
				"node": ">= 10"
			}
		},
		"node_modules/@ast-grep/napi-win32-ia32-msvc": {
			"version": "0.45.3",
			"resolved": "https://registry.npmjs.org/@ast-grep/napi-win32-ia32-msvc/-/napi-win32-ia32-msvc-0.45.3.tgz",
			"integrity": "sha512-/gwJrJQUw65uNtAFcG2rtSTr117Gqqy3bfjaljCPKsa65dTeRcMMnjKLlZ6V9/g8z+4Xf78kdhp5ECbir4yfSw==",
			"cpu": [
				"ia32"
			],
			"license": "MIT",
			"optional": true,
			"os": [
				"win32"
			],
			"engines": {
				"node": ">= 10"
			}
		},
		"node_modules/@ast-grep/napi-win32-x64-msvc": {
			"version": "0.45.3",
			"resolved": "https://registry.npmjs.org/@ast-grep/napi-win32-x64-msvc/-/napi-win32-x64-msvc-0.45.3.tgz",
			"integrity": "sha512-CEZAMAsaDoQoVE3MT2c/ry3/ydfyaqlTjxv8DK5PG355SrdAYPgevGC2Me6tz4dhphJin89Y20VsnrS5UrYV5Q==",
			"cpu": [
				"x64"
			],
			"license": "MIT",
			"optional": true,
			"os": [
				"win32"
			],
			"engines": {
				"node": ">= 10"
			}
		},
		"node_modules/argparse": {
			"version": "2.0.1",
			"resolved": "https://registry.npmjs.org/argparse/-/argparse-2.0.1.tgz",
			"integrity": "sha512-8+9WqebbFzpX9OR+Wa6O29asIogeRMzcGtAINdpMHHyAg10f05aSFVBbcEqGf/PXw1EjAZ+q2/bEBg3DvurK3Q==",
			"license": "Python-2.0"
		},
		"node_modules/balanced-match": {
			"version": "4.0.4",
			"resolved": "https://registry.npmjs.org/balanced-match/-/balanced-match-4.0.4.tgz",
			"integrity": "sha512-BLrgEcRTwX2o6gGxGOCNyMvGSp35YofuYzw9h1IMTRmKqttAZZVU67bdb9Pr2vUHA8+j3i2tJfjO6C6+4myGTA==",
			"license": "MIT",
			"engines": {
				"node": "18 || 20 || >=22"
			}
		},
		"node_modules/brace-expansion": {
			"version": "5.0.12",
			"resolved": "https://registry.npmjs.org/brace-expansion/-/brace-expansion-5.0.12.tgz",
			"integrity": "sha512-YovQ3rzhaLMIrDjNDMkNS01tea93qhEhG5xy8f6+R0l+dw3Ki+5sCoIoI942iuLZTHWogWktgwVDhU09iNEimQ==",
			"license": "MIT",
			"dependencies": {
				"balanced-match": "^4.0.2"
			},
			"engines": {
				"node": "20 || >=22"
			}
		},
		"node_modules/detect-libc": {
			"version": "2.1.2",
			"resolved": "https://registry.npmjs.org/detect-libc/-/detect-libc-2.1.2.tgz",
			"integrity": "sha512-Btj2BOOO83o3WyH59e8MgXsxEQVcarkUOpEYrubB0urwnN10yQ364rsiByU11nZlqWYZm05i/of7io4mzihBtQ==",
			"license": "Apache-2.0",
			"engines": {
				"node": ">=8"
			}
		},
		"node_modules/jiti": {
			"version": "2.7.0",
			"resolved": "https://registry.npmjs.org/jiti/-/jiti-2.7.0.tgz",
			"integrity": "sha512-AC/7JofJvZGrrneWNaEnJeOLUx+JlGt7tNa0wZiRPT4MY1wmfKjt2+6O2p2uz2+skll8OZZmJMNqeke7kKbNgQ==",
			"license": "MIT",
			"optional": true,
			"bin": {
				"jiti": "lib/jiti-cli.mjs"
			}
		},
		"node_modules/js-yaml": {
			"version": "5.4.2",
			"resolved": "https://registry.npmjs.org/js-yaml/-/js-yaml-5.4.2.tgz",
			"integrity": "sha512-m+aqu+LwO1O6sIopafj8HUVl5aawITwZQe/yHpMCKjaWBaA/d07B/QdMb3529REftiU+RMMHL3Vlsw3hON7vWg==",
			"funding": [
				{
					"type": "github",
					"url": "https://github.com/sponsors/puzrin"
				},
				{
					"type": "github",
					"url": "https://github.com/sponsors/nodeca"
				}
			],
			"license": "MIT",
			"dependencies": {
				"argparse": "^2.0.1"
			},
			"bin": {
				"js-yaml": "bin/js-yaml.mjs"
			}
		},
		"node_modules/minimatch": {
			"version": "10.2.6",
			"resolved": "https://registry.npmjs.org/minimatch/-/minimatch-10.2.6.tgz",
			"integrity": "sha512-vpLQEs+VLCr1nU0BXS07maYoFwlDAH0gngQuuttxIwutDFEMHq2blX+8vpgxDdK3J1PwjCJiep77OitTZ4Ll1A==",
			"license": "BlueOak-1.0.0",
			"dependencies": {
				"brace-expansion": "^5.0.8"
			},
			"engines": {
				"node": "18 || 20 || >=22"
			},
			"funding": {
				"url": "https://github.com/sponsors/isaacs"
			}
		},
		"node_modules/pidusage": {
			"version": "4.0.1",
			"resolved": "https://registry.npmjs.org/pidusage/-/pidusage-4.0.1.tgz",
			"integrity": "sha512-yCH2dtLHfEBnzlHUJymR/Z1nN2ePG3m392Mv8TFlTP1B0xkpMQNHAnfkY0n2tAi6ceKO6YWhxYfZ96V4vVkh/g==",
			"license": "MIT",
			"dependencies": {
				"safe-buffer": "^5.2.1"
			},
			"engines": {
				"node": ">=18"
			}
		},
		"node_modules/safe-buffer": {
			"version": "5.2.1",
			"resolved": "https://registry.npmjs.org/safe-buffer/-/safe-buffer-5.2.1.tgz",
			"integrity": "sha512-rp3So07KcdmmKbGvgaNxQSJr7bGVSVk5S9Eq1F+ppbRo70+YeaDxkw5Dd8NPN+GD6bjnYm2VuPuCXmpuYvmCXQ==",
			"funding": [
				{
					"type": "github",
					"url": "https://github.com/sponsors/feross"
				},
				{
					"type": "patreon",
					"url": "https://www.patreon.com/feross"
				},
				{
					"type": "consulting",
					"url": "https://feross.org/support"
				}
			],
			"license": "MIT"
		},
		"node_modules/vscode-jsonrpc": {
			"version": "9.0.2",
			"resolved": "https://registry.npmjs.org/vscode-jsonrpc/-/vscode-jsonrpc-9.0.2.tgz",
			"integrity": "sha512-SbQSV9yRemARxeXw6LU5sS6Zq0e9/DgCCX5yelH263ZQWukbTk8EF8fjTrr1dziasf4GwlJbvTwFnTrnQFWZXQ==",
			"license": "MIT",
			"engines": {
				"node": ">=14.0.0"
			}
		},
		"node_modules/web-tree-sitter": {
			"version": "0.25.10",
			"resolved": "https://registry.npmjs.org/web-tree-sitter/-/web-tree-sitter-0.25.10.tgz",
			"integrity": "sha512-Y09sF44/13XvgVKgO2cNDw5rGk6s26MgoZPXLESvMXeefBf7i6/73eFurre0IsTW6E14Y0ArIzhUMmjoc7xyzA==",
			"license": "MIT",
			"optional": true,
			"peerDependencies": {
				"@types/emscripten": "^1.40.0"
			},
			"peerDependenciesMeta": {
				"@types/emscripten": {
					"optional": true
				}
			}
		}
	}
}
